
Microsoft Visual Studio Solution File, Format Version 12.00
# Visual Studio Version 17
VisualStudioVersion = 17.7.34024.191
MinimumVisualStudioVersion = 10.0.40219.1
Project("{FAE04EC0-301F-11D3-BF4B-00C04F79EFBC}") = "A02", "A02.csproj", "{6ECA8364-5EB1-44A2-91E8-B76EF73DD431}"
EndProject
Global
	GlobalSection(SolutionConfigurationPlatforms) = preSolution
		Debug|Any CPU = Debug|Any CPU
		Release|Any CPU = Release|Any CPU
	EndGlobalSection
	GlobalSection(ProjectConfigurationPlatforms) = postSolution
		{6ECA8364-5EB1-44A2-91E8-B76EF73DD431}.Debug|Any CPU.ActiveCfg = Debug|Any CPU
		{6ECA8364-5EB1-44A2-91E8-B76EF73DD431}.Debug|Any CPU.Build.0 = Debug|Any CPU
		{6ECA8364-5EB1-44A2-91E8-B76EF73DD431}.Release|Any CPU.ActiveCfg = Release|Any CPU
		{6ECA8364-5EB1-44A2-91E8-B76EF73DD431}.Release|Any CPU.Build.0 = Release|Any CPU
	EndGlobalSection
	GlobalSection(SolutionProperties) = preSolution
		HideSolutionNode = FALSE
	EndGlobalSection
	GlobalSection(ExtensibilityGlobals) = postSolution
		SolutionGuid = {369A9CB9-F869-4DB4-8CFB-8E371E2D4107}
	EndGlobalSection
EndGlobal
